lockfileVersion: '9.0'

settings:
  autoInstallPeers: true
  excludeLinksFromLockfile: false

importers:

  .:
    devDependencies:
      daisyui:
        specifier: ^4.12.10
        version: 4.12.10(postcss@8.4.39)

packages:

  camelcase-css@2.0.1:
    resolution: {integrity: sha512-QOSvevhslijgYwRx6Rv7zKdMF8lbRmx+uQGx2+vDc+KI/eBnsy9kit5aj23AgGu3pa4t9AgwbnXWqS+iOY+2aA==}
    engines: {node: '>= 6'}

  css-selector-tokenizer@0.8.0:
    resolution: {integrity: sha512-Jd6Ig3/pe62/qe5SBPTN8h8LeUg/pT4lLgtavPf7updwwHpvFzxvOQBHYj2LZDMjUnBzgvIUSjRcf6oT5HzHFg==}

  cssesc@3.0.0:
    resolution: {integrity: sha512-/Tb/JcjK111nNScGob5MNtsntNM1aCNUDipB/TkwZFhyDrrE47SOx/18wF2bbjgc3ZzCSKW1T5nt5EbFoAz/Vg==}
    engines: {node: '>=4'}
    hasBin: true

  culori@3.3.0:
    resolution: {integrity: sha512-pHJg+jbuFsCjz9iclQBqyL3B2HLCBF71BwVNujUYEvCeQMvV97R59MNK3R2+jgJ3a1fcZgI9B3vYgz8lzr/BFQ==}
    engines: {node: ^12.20.0 || ^14.13.1 || >=16.0.0}

  daisyui@4.12.10:
    resolution: {integrity: sha512-jp1RAuzbHhGdXmn957Z2XsTZStXGHzFfF0FgIOZj3Wv9sH7OZgLfXTRZNfKVYxltGUOBsG1kbWAdF5SrqjebvA==}
    engines: {node: '>=16.9.0'}

  fastparse@1.1.2:
    resolution: {integrity: sha512-483XLLxTVIwWK3QTrMGRqUfUpoOs/0hbQrl2oz4J0pAcm3A3bu84wxTFqGqkJzewCLdME38xJLJAxBABfQT8sQ==}

  nanoid@3.3.7:
    resolution: {integrity: sha512-eSRppjcPIatRIMC1U6UngP8XFcz8MQWGQdt1MTBQ7NaAmvXDfvNxbvWV3x2y6CdEUciCSsDHDQZbhYaB8QEo2g==}
    engines: {node: ^10 || ^12 || ^13.7 || ^14 || >=15.0.1}
    hasBin: true

  picocolors@1.0.1:
    resolution: {integrity: sha512-anP1Z8qwhkbmu7MFP5iTt+wQKXgwzf7zTyGlcdzabySa9vd0Xt392U0rVmz9poOaBj0uHJKyyo9/upk0HrEQew==}

  postcss-js@4.0.1:
    resolution: {integrity: sha512-dDLF8pEO191hJMtlHFPRa8xsizHaM82MLfNkUHdUtVEV3tgTp5oj+8qbEqYM57SLfc74KSbw//4SeJma2LRVIw==}
    engines: {node: ^12 || ^14 || >= 16}
    peerDependencies:
      postcss: ^8.4.21

  postcss@8.4.39:
    resolution: {integrity: sha512-0vzE+lAiG7hZl1/9I8yzKLx3aR9Xbof3fBHKunvMfOCYAtMhrsnccJY2iTURb9EZd5+pLuiNV9/c/GZJOHsgIw==}
    engines: {node: ^10 || ^12 || >=14}

  source-map-js@1.2.0:
    resolution: {integrity: sha512-itJW8lvSA0TXEphiRoawsCksnlf8SyvmFzIhltqAHluXd88pkCd+cXJVHTDwdCr0IzwptSm035IHQktUu1QUMg==}
    engines: {node: '>=0.10.0'}

snapshots:

  camelcase-css@2.0.1: {}

  css-selector-tokenizer@0.8.0:
    dependencies:
      cssesc: 3.0.0
      fastparse: 1.1.2

  cssesc@3.0.0: {}

  culori@3.3.0: {}

  daisyui@4.12.10(postcss@8.4.39):
    dependencies:
      css-selector-tokenizer: 0.8.0
      culori: 3.3.0
      picocolors: 1.0.1
      postcss-js: 4.0.1(postcss@8.4.39)
    transitivePeerDependencies:
      - postcss

  fastparse@1.1.2: {}

  nanoid@3.3.7: {}

  picocolors@1.0.1: {}

  postcss-js@4.0.1(postcss@8.4.39):
    dependencies:
      camelcase-css: 2.0.1
      postcss: 8.4.39

  postcss@8.4.39:
    dependencies:
      nanoid: 3.3.7
      picocolors: 1.0.1
      source-map-js: 1.2.0

  source-map-js@1.2.0: {}
