
Microsoft Visual Studio Solution File, Format Version 12.00
# Visual Studio Version 17
VisualStudioVersion = 17.10.35122.118
MinimumVisualStudioVersion = 10.0.40219.1
Project("{9A19103F-16F7-4668-BE54-9A1E7A4F7556}") = "PasswordStorageApp.WebApi", "PasswordStorageApp.WebApi\PasswordStorageApp.WebApi.csproj", "{9E12F7BC-049B-4D50-A4E7-5C7C4A27042F}"
EndProject
Project("{9A19103F-16F7-4668-BE54-9A1E7A4F7556}") = "PasswordStorageApp.BlazorClient", "PasswordStorageApp.BlazorClient\PasswordStorageApp.BlazorClient.csproj", "{AD74176B-E5ED-4763-ACBC-0D6968E25B5B}"
EndProject
Project("{9A19103F-16F7-4668-BE54-9A1E7A4F7556}") = "PasswordStorageApp.Domain", "PasswordStorageApp.Domain\PasswordStorageApp.Domain.csproj", "{3BBD7B85-30E3-4EFA-97B8-E22FFE3D438E}"
EndProject
Global
	GlobalSection(SolutionConfigurationPlatforms) = preSolution
		Debug|Any CPU = Debug|Any CPU
		Release|Any CPU = Release|Any CPU
	EndGlobalSection
	GlobalSection(ProjectConfigurationPlatforms) = postSolution
		{9E12F7BC-049B-4D50-A4E7-5C7C4A27042F}.Debug|Any CPU.ActiveCfg = Debug|Any CPU
		{9E12F7BC-049B-4D50-A4E7-5C7C4A27042F}.Debug|Any CPU.Build.0 = Debug|Any CPU
		{9E12F7BC-049B-4D50-A4E7-5C7C4A27042F}.Release|Any CPU.ActiveCfg = Release|Any CPU
		{9E12F7BC-049B-4D50-A4E7-5C7C4A27042F}.Release|Any CPU.Build.0 = Release|Any CPU
		{AD74176B-E5ED-4763-ACBC-0D6968E25B5B}.Debug|Any CPU.ActiveCfg = Debug|Any CPU
		{AD74176B-E5ED-4763-ACBC-0D6968E25B5B}.Debug|Any CPU.Build.0 = Debug|Any CPU
		{AD74176B-E5ED-4763-ACBC-0D6968E25B5B}.Release|Any CPU.ActiveCfg = Release|Any CPU
		{AD74176B-E5ED-4763-ACBC-0D6968E25B5B}.Release|Any CPU.Build.0 = Release|Any CPU
		{3BBD7B85-30E3-4EFA-97B8-E22FFE3D438E}.Debug|Any CPU.ActiveCfg = Debug|Any CPU
		{3BBD7B85-30E3-4EFA-97B8-E22FFE3D438E}.Debug|Any CPU.Build.0 = Debug|Any CPU
		{3BBD7B85-30E3-4EFA-97B8-E22FFE3D438E}.Release|Any CPU.ActiveCfg = Release|Any CPU
		{3BBD7B85-30E3-4EFA-97B8-E22FFE3D438E}.Release|Any CPU.Build.0 = Release|Any CPU
	EndGlobalSection
	GlobalSection(SolutionProperties) = preSolution
		HideSolutionNode = FALSE
	EndGlobalSection
	GlobalSection(ExtensibilityGlobals) = postSolution
		SolutionGuid = {18140B49-1F65-4501-8B0A-2A12E7C702B9}
	EndGlobalSection
EndGlobal
