
Microsoft Visual Studio Solution File, Format Version 12.00
# Visual Studio Version 17
VisualStudioVersion = 17.10.35013.160
MinimumVisualStudioVersion = 10.0.40219.1
Project("{9A19103F-16F7-4668-BE54-9A1E7A4F7556}") = "YA.BlazorWasmStarter", "YA.BlazorWasmStarter\YA.BlazorWasmStarter.csproj", "{8CF1DAE2-BA0B-472A-B44F-AD33138F52F3}"
EndProject
Project("{9A19103F-16F7-4668-BE54-9A1E7A4F7556}") = "YA.BlazorOpenAIStarter", "YA.BlazorOpenAIStarter\YA.BlazorOpenAIStarter.csproj", "{7D79F2C1-7C9D-4677-8B35-85826B306C77}"
EndProject
Project("{9A19103F-16F7-4668-BE54-9A1E7A4F7556}") = "YA.BlazorGiftSuggestionApp", "YA.BlazorGiftSuggestionApp\YA.BlazorGiftSuggestionApp.csproj", "{12D6ED23-E10F-4FAA-9146-00F0DC721C3E}"
EndProject
Project("{2150E333-8FDC-42A3-9474-1A3956D46DE8}") = "VideoTranscriberApp", "VideoTranscriberApp", "{95172BC5-E858-4702-B370-65261BFB8E8B}"
EndProject
Project("{9A19103F-16F7-4668-BE54-9A1E7A4F7556}") = "YA.VideoTranscriberApp.ConsoleClient", "YA.VideoTranscriberApp.ConsoleClient\YA.VideoTranscriberApp.ConsoleClient.csproj", "{C4951BE3-7D51-42F4-A7FF-8C0965AEDB58}"
EndProject
Project("{FAE04EC0-301F-11D3-BF4B-00C04F79EFBC}") = "YA.VideoTranscriberApp.BlazorUI", "YA.VideoTranscriberApp.BlazorUI\YA.VideoTranscriberApp.BlazorUI\YA.VideoTranscriberApp.BlazorUI.csproj", "{0C81CD4C-868B-461A-95E3-2E527859815F}"
EndProject
Project("{FAE04EC0-301F-11D3-BF4B-00C04F79EFBC}") = "YA.VideoTranscriberApp.BlazorUI.Client", "YA.VideoTranscriberApp.BlazorUI\YA.VideoTranscriberApp.BlazorUI.Client\YA.VideoTranscriberApp.BlazorUI.Client.csproj", "{901F6F4B-813A-4F4B-AFF5-015700782CD5}"
EndProject
Project("{FAE04EC0-301F-11D3-BF4B-00C04F79EFBC}") = "BlazorApp1", "BlazorApp1\BlazorApp1\BlazorApp1.csproj", "{5CE0D295-3338-4CBC-8F47-CC0471E2B7EC}"
EndProject
Project("{FAE04EC0-301F-11D3-BF4B-00C04F79EFBC}") = "BlazorApp1.Client", "BlazorApp1\BlazorApp1.Client\BlazorApp1.Client.csproj", "{1B62E12B-A9F6-4B5E-8B03-FFD42126BE49}"
EndProject
Global
	GlobalSection(SolutionConfigurationPlatforms) = preSolution
		Debug|Any CPU = Debug|Any CPU
		Release|Any CPU = Release|Any CPU
	EndGlobalSection
	GlobalSection(ProjectConfigurationPlatforms) = postSolution
		{8CF1DAE2-BA0B-472A-B44F-AD33138F52F3}.Debug|Any CPU.ActiveCfg = Debug|Any CPU
		{8CF1DAE2-BA0B-472A-B44F-AD33138F52F3}.Debug|Any CPU.Build.0 = Debug|Any CPU
		{8CF1DAE2-BA0B-472A-B44F-AD33138F52F3}.Release|Any CPU.ActiveCfg = Release|Any CPU
		{8CF1DAE2-BA0B-472A-B44F-AD33138F52F3}.Release|Any CPU.Build.0 = Release|Any CPU
		{7D79F2C1-7C9D-4677-8B35-85826B306C77}.Debug|Any CPU.ActiveCfg = Debug|Any CPU
		{7D79F2C1-7C9D-4677-8B35-85826B306C77}.Debug|Any CPU.Build.0 = Debug|Any CPU
		{7D79F2C1-7C9D-4677-8B35-85826B306C77}.Release|Any CPU.ActiveCfg = Release|Any CPU
		{7D79F2C1-7C9D-4677-8B35-85826B306C77}.Release|Any CPU.Build.0 = Release|Any CPU
		{12D6ED23-E10F-4FAA-9146-00F0DC721C3E}.Debug|Any CPU.ActiveCfg = Debug|Any CPU
		{12D6ED23-E10F-4FAA-9146-00F0DC721C3E}.Debug|Any CPU.Build.0 = Debug|Any CPU
		{12D6ED23-E10F-4FAA-9146-00F0DC721C3E}.Release|Any CPU.ActiveCfg = Release|Any CPU
		{12D6ED23-E10F-4FAA-9146-00F0DC721C3E}.Release|Any CPU.Build.0 = Release|Any CPU
		{C4951BE3-7D51-42F4-A7FF-8C0965AEDB58}.Debug|Any CPU.ActiveCfg = Debug|Any CPU
		{C4951BE3-7D51-42F4-A7FF-8C0965AEDB58}.Debug|Any CPU.Build.0 = Debug|Any CPU
		{C4951BE3-7D51-42F4-A7FF-8C0965AEDB58}.Release|Any CPU.ActiveCfg = Release|Any CPU
		{C4951BE3-7D51-42F4-A7FF-8C0965AEDB58}.Release|Any CPU.Build.0 = Release|Any CPU
		{0C81CD4C-868B-461A-95E3-2E527859815F}.Debug|Any CPU.ActiveCfg = Debug|Any CPU
		{0C81CD4C-868B-461A-95E3-2E527859815F}.Debug|Any CPU.Build.0 = Debug|Any CPU
		{0C81CD4C-868B-461A-95E3-2E527859815F}.Release|Any CPU.ActiveCfg = Release|Any CPU
		{0C81CD4C-868B-461A-95E3-2E527859815F}.Release|Any CPU.Build.0 = Release|Any CPU
		{901F6F4B-813A-4F4B-AFF5-015700782CD5}.Debug|Any CPU.ActiveCfg = Debug|Any CPU
		{901F6F4B-813A-4F4B-AFF5-015700782CD5}.Debug|Any CPU.Build.0 = Debug|Any CPU
		{901F6F4B-813A-4F4B-AFF5-015700782CD5}.Release|Any CPU.ActiveCfg = Release|Any CPU
		{901F6F4B-813A-4F4B-AFF5-015700782CD5}.Release|Any CPU.Build.0 = Release|Any CPU
		{5CE0D295-3338-4CBC-8F47-CC0471E2B7EC}.Debug|Any CPU.ActiveCfg = Debug|Any CPU
		{5CE0D295-3338-4CBC-8F47-CC0471E2B7EC}.Debug|Any CPU.Build.0 = Debug|Any CPU
		{5CE0D295-3338-4CBC-8F47-CC0471E2B7EC}.Release|Any CPU.ActiveCfg = Release|Any CPU
		{5CE0D295-3338-4CBC-8F47-CC0471E2B7EC}.Release|Any CPU.Build.0 = Release|Any CPU
		{1B62E12B-A9F6-4B5E-8B03-FFD42126BE49}.Debug|Any CPU.ActiveCfg = Debug|Any CPU
		{1B62E12B-A9F6-4B5E-8B03-FFD42126BE49}.Debug|Any CPU.Build.0 = Debug|Any CPU
		{1B62E12B-A9F6-4B5E-8B03-FFD42126BE49}.Release|Any CPU.ActiveCfg = Release|Any CPU
		{1B62E12B-A9F6-4B5E-8B03-FFD42126BE49}.Release|Any CPU.Build.0 = Release|Any CPU
	EndGlobalSection
	GlobalSection(SolutionProperties) = preSolution
		HideSolutionNode = FALSE
	EndGlobalSection
	GlobalSection(NestedProjects) = preSolution
		{C4951BE3-7D51-42F4-A7FF-8C0965AEDB58} = {95172BC5-E858-4702-B370-65261BFB8E8B}
		{0C81CD4C-868B-461A-95E3-2E527859815F} = {95172BC5-E858-4702-B370-65261BFB8E8B}
		{901F6F4B-813A-4F4B-AFF5-015700782CD5} = {95172BC5-E858-4702-B370-65261BFB8E8B}
		{5CE0D295-3338-4CBC-8F47-CC0471E2B7EC} = {95172BC5-E858-4702-B370-65261BFB8E8B}
		{1B62E12B-A9F6-4B5E-8B03-FFD42126BE49} = {95172BC5-E858-4702-B370-65261BFB8E8B}
	EndGlobalSection
	GlobalSection(ExtensibilityGlobals) = postSolution
		SolutionGuid = {01EF9AC4-6AF1-4F46-9488-60810F77BA70}
	EndGlobalSection
EndGlobal
